
Microsoft Visual Studio Solution File, Format Version 12.00
# Visual Studio 15
VisualStudioVersion = 15.0.28010.2041
MinimumVisualStudioVersion = 10.0.40219.1
Project("{8BC9CEB8-8B4A-11D0-8D11-00A0C91BC942}") = "Sandbox", "Sandbox\Sandbox.vcxproj", "{7E7890B4-D30F-409D-96A4-92AF8F28E23A}"
EndProject
Project("{8BC9CEB8-8B4A-11D0-8D11-00A0C91BC942}") = "Hazel", "Hazel\Hazel.vcxproj", "{D6046B95-E47C-4CCC-A671-CC9F41F38D92}"
EndProject
Global
	GlobalSection(SolutionConfigurationPlatforms) = preSolution
		Debug|x64 = Debug|x64
		Release|x64 = Release|x64
	EndGlobalSection
	GlobalSection(ProjectConfigurationPlatforms) = postSolution
		{D6046B95-E47C-4CCC-A671-CC9F41F38D92}.Debug|x64.ActiveCfg = Debug|x64
		{D6046B95-E47C-4CCC-A671-CC9F41F38D92}.Debug|x64.Build.0 = Debug|x64
		{D6046B95-E47C-4CCC-A671-CC9F41F38D92}.Release|x64.ActiveCfg = Release|x64
		{D6046B95-E47C-4CCC-A671-CC9F41F38D92}.Release|x64.Build.0 = Release|x64
		{7E7890B4-D30F-409D-96A4-92AF8F28E23A}.Debug|x64.ActiveCfg = Debug|x64
		{7E7890B4-D30F-409D-96A4-92AF8F28E23A}.Debug|x64.Build.0 = Debug|x64
		{7E7890B4-D30F-409D-96A4-92AF8F28E23A}.Release|x64.ActiveCfg = Release|x64
		{7E7890B4-D30F-409D-96A4-92AF8F28E23A}.Release|x64.Build.0 = Release|x64
	EndGlobalSection
	GlobalSection(SolutionProperties) = preSolution
		HideSolutionNode = FALSE
	EndGlobalSection
	GlobalSection(ExtensibilityGlobals) = postSolution
		SolutionGuid = {A5FACECD-263C-417B-8D76-153C05DFFA71}
	EndGlobalSection
EndGlobal
